
Microsoft Visual Studio Solution File, Format Version 12.00
# Visual Studio 15
VisualStudioVersion = 15.0.28307.960
MinimumVisualStudioVersion = 10.0.40219.1
Project("{FAE04EC0-301F-11D3-BF4B-00C04F79EFBC}") = "ImageShow", "ImageShow\ImageShow.csproj", "{4637F839-7222-4406-A485-C501E6D89BF0}"
EndProject
Global
	GlobalSection(SolutionConfigurationPlatforms) = preSolution
		Debug|Any CPU = Debug|Any CPU
		Release|Any CPU = Release|Any CPU
	EndGlobalSection
	GlobalSection(ProjectConfigurationPlatforms) = postSolution
		{4637F839-7222-4406-A485-C501E6D89BF0}.Debug|Any CPU.ActiveCfg = Debug|Any CPU
		{4637F839-7222-4406-A485-C501E6D89BF0}.Debug|Any CPU.Build.0 = Debug|Any CPU
		{4637F839-7222-4406-A485-C501E6D89BF0}.Release|Any CPU.ActiveCfg = Release|Any CPU
		{4637F839-7222-4406-A485-C501E6D89BF0}.Release|Any CPU.Build.0 = Release|Any CPU
	EndGlobalSection
	GlobalSection(SolutionProperties) = preSolution
		HideSolutionNode = FALSE
	EndGlobalSection
	GlobalSection(ExtensibilityGlobals) = postSolution
		SolutionGuid = {54CCF693-5313-46B4-B18A-4F80311CF543}
	EndGlobalSection
EndGlobal
